// !$*UTF8*$!
{
	archiveVersion = 1;
	classes = {
	};
	objectVersion = 56;
	objects = {

/* Begin PBXBuildFile section */
		692921512AA8BA6A00B248EA /* FavoritesTableViewCell.swift in Sources */ = {isa = PBXBuildFile; fileRef = 692921502AA8BA6A00B248EA /* FavoritesTableViewCell.swift */; };
		694BD66A2AA6E1A4001E0E68 /* Favorites.swift in Sources */ = {isa = PBXBuildFile; fileRef = 694BD6692AA6E1A4001E0E68 /* Favorites.swift */; };
		694BD66C2AA6E325001E0E68 /* Response.swift in Sources */ = {isa = PBXBuildFile; fileRef = 694BD66B2AA6E325001E0E68 /* Response.swift */; };
		694BD66E2AA6E3F2001E0E68 /* Main.storyboard in Resources */ = {isa = PBXBuildFile; fileRef = 694BD66D2AA6E3F2001E0E68 /* Main.storyboard */; };
		694BD6702AA6E88B001E0E68 /* MainViewController.swift in Sources */ = {isa = PBXBuildFile; fileRef = 694BD66F2AA6E88B001E0E68 /* MainViewController.swift */; };
		694BD6722AA6F087001E0E68 /* FavoritesViewController.swift in Sources */ = {isa = PBXBuildFile; fileRef = 694BD6712AA6F087001E0E68 /* FavoritesViewController.swift */; };
		69790B102AA5FC3800E43E43 /* Character.swift in Sources */ = {isa = PBXBuildFile; fileRef = 69790B0F2AA5FC3800E43E43 /* Character.swift */; };
		69790B122AA5FCA100E43E43 /* Starship.swift in Sources */ = {isa = PBXBuildFile; fileRef = 69790B112AA5FCA100E43E43 /* Starship.swift */; };
		69790B142AA5FCEC00E43E43 /* Planet.swift in Sources */ = {isa = PBXBuildFile; fileRef = 69790B132AA5FCEC00E43E43 /* Planet.swift */; };
		69790B162AA5FCFF00E43E43 /* Film.swift in Sources */ = {isa = PBXBuildFile; fileRef = 69790B152AA5FCFF00E43E43 /* Film.swift */; };
		69790B182AA5FD2A00E43E43 /* StarWarsAPI.swift in Sources */ = {isa = PBXBuildFile; fileRef = 69790B172AA5FD2A00E43E43 /* StarWarsAPI.swift */; };
		6987B9BA2A7FAC1800D02828 /* AppDelegate.swift in Sources */ = {isa = PBXBuildFile; fileRef = 6987B9B92A7FAC1800D02828 /* AppDelegate.swift */; };
		6987B9BC2A7FAC1800D02828 /* SceneDelegate.swift in Sources */ = {isa = PBXBuildFile; fileRef = 6987B9BB2A7FAC1800D02828 /* SceneDelegate.swift */; };
		6987B9C32A7FAC1900D02828 /* Assets.xcassets in Resources */ = {isa = PBXBuildFile; fileRef = 6987B9C22A7FAC1900D02828 /* Assets.xcassets */; };
		6987B9C62A7FAC1900D02828 /* LaunchScreen.storyboard in Resources */ = {isa = PBXBuildFile; fileRef = 6987B9C42A7FAC1900D02828 /* LaunchScreen.storyboard */; };
/* End PBXBuildFile section */

/* Begin PBXFileReference section */
		692921502AA8BA6A00B248EA /* FavoritesTableViewCell.swift */ = {isa = PBXFileReference; lastKnownFileType = sourcecode.swift; path = FavoritesTableViewCell.swift; sourceTree = "<group>"; };
		694BD6692AA6E1A4001E0E68 /* Favorites.swift */ = {isa = PBXFileReference; lastKnownFileType = sourcecode.swift; path = Favorites.swift; sourceTree = "<group>"; };
		694BD66B2AA6E325001E0E68 /* Response.swift */ = {isa = PBXFileReference; lastKnownFileType = sourcecode.swift; path = Response.swift; sourceTree = "<group>"; };
		694BD66D2AA6E3F2001E0E68 /* Main.storyboard */ = {isa = PBXFileReference; lastKnownFileType = file.storyboard; path = Main.storyboard; sourceTree = "<group>"; };
		694BD66F2AA6E88B001E0E68 /* MainViewController.swift */ = {isa = PBXFileReference; lastKnownFileType = sourcecode.swift; path = MainViewController.swift; sourceTree = "<group>"; };
		694BD6712AA6F087001E0E68 /* FavoritesViewController.swift */ = {isa = PBXFileReference; lastKnownFileType = sourcecode.swift; path = FavoritesViewController.swift; sourceTree = "<group>"; };
		69790B0F2AA5FC3800E43E43 /* Character.swift */ = {isa = PBXFileReference; lastKnownFileType = sourcecode.swift; path = Character.swift; sourceTree = "<group>"; };
		69790B112AA5FCA100E43E43 /* Starship.swift */ = {isa = PBXFileReference; lastKnownFileType = sourcecode.swift; path = Starship.swift; sourceTree = "<group>"; };
		69790B132AA5FCEC00E43E43 /* Planet.swift */ = {isa = PBXFileReference; lastKnownFileType = sourcecode.swift; path = Planet.swift; sourceTree = "<group>"; };
		69790B152AA5FCFF00E43E43 /* Film.swift */ = {isa = PBXFileReference; lastKnownFileType = sourcecode.swift; path = Film.swift; sourceTree = "<group>"; };
		69790B172AA5FD2A00E43E43 /* StarWarsAPI.swift */ = {isa = PBXFileReference; lastKnownFileType = sourcecode.swift; path = StarWarsAPI.swift; sourceTree = "<group>"; };
		6987B9B62A7FAC1800D02828 /* StarWars.app */ = {isa = PBXFileReference; explicitFileType = wrapper.application; includeInIndex = 0; path = StarWars.app; sourceTree = BUILT_PRODUCTS_DIR; };
		6987B9B92A7FAC1800D02828 /* AppDelegate.swift */ = {isa = PBXFileReference; lastKnownFileType = sourcecode.swift; path = AppDelegate.swift; sourceTree = "<group>"; };
		6987B9BB2A7FAC1800D02828 /* SceneDelegate.swift */ = {isa = PBXFileReference; lastKnownFileType = sourcecode.swift; path = SceneDelegate.swift; sourceTree = "<group>"; };
		6987B9C22A7FAC1900D02828 /* Assets.xcassets */ = {isa = PBXFileReference; lastKnownFileType = folder.assetcatalog; path = Assets.xcassets; sourceTree = "<group>"; };
		6987B9C52A7FAC1900D02828 /* Base */ = {isa = PBXFileReference; lastKnownFileType = file.storyboard; name = Base; path = Base.lproj/LaunchScreen.storyboard; sourceTree = "<group>"; };
		6987B9C72A7FAC1900D02828 /* Info.plist */ = {isa = PBXFileReference; lastKnownFileType = text.plist.xml; path = Info.plist; sourceTree = "<group>"; };
/* End PBXFileReference section */

/* Begin PBXFrameworksBuildPhase section */
		6987B9B32A7FAC1800D02828 /* Frameworks */ = {
			isa = PBXFrameworksBuildPhase;
			buildActionMask = 2147483647;
			files = (
			);
			runOnlyForDeploymentPostprocessing = 0;
		};
/* End PBXFrameworksBuildPhase section */

/* Begin PBXGroup section */
		69006B0A2A7FEA1400CE5114 /* Supporting */ = {
			isa = PBXGroup;
			children = (
				6987B9B92A7FAC1800D02828 /* AppDelegate.swift */,
				6987B9BB2A7FAC1800D02828 /* SceneDelegate.swift */,
				6987B9C22A7FAC1900D02828 /* Assets.xcassets */,
				6987B9C42A7FAC1900D02828 /* LaunchScreen.storyboard */,
			);
			path = Supporting;
			sourceTree = "<group>";
		};
		69006B0B2A7FEA2B00CE5114 /* ViewControllers */ = {
			isa = PBXGroup;
			children = (
				694BD66F2AA6E88B001E0E68 /* MainViewController.swift */,
				692921522AA8CF0300B248EA /* Favorite */,
				694BD66D2AA6E3F2001E0E68 /* Main.storyboard */,
			);
			path = ViewControllers;
			sourceTree = "<group>";
		};
		692921522AA8CF0300B248EA /* Favorite */ = {
			isa = PBXGroup;
			children = (
				694BD6712AA6F087001E0E68 /* FavoritesViewController.swift */,
				692921502AA8BA6A00B248EA /* FavoritesTableViewCell.swift */,
			);
			path = Favorite;
			sourceTree = "<group>";
		};
		69790B0E2AA5FBB800E43E43 /* Models */ = {
			isa = PBXGroup;
			children = (
				69790B0F2AA5FC3800E43E43 /* Character.swift */,
				69790B112AA5FCA100E43E43 /* Starship.swift */,
				69790B132AA5FCEC00E43E43 /* Planet.swift */,
				69790B152AA5FCFF00E43E43 /* Film.swift */,
				694BD6692AA6E1A4001E0E68 /* Favorites.swift */,
				69790B172AA5FD2A00E43E43 /* StarWarsAPI.swift */,
				694BD66B2AA6E325001E0E68 /* Response.swift */,
			);
			path = Models;
			sourceTree = "<group>";
		};
		6987B9AD2A7FAC1800D02828 = {
			isa = PBXGroup;
			children = (
				6987B9B82A7FAC1800D02828 /* StarWars */,
				6987B9B72A7FAC1800D02828 /* Products */,
			);
			sourceTree = "<group>";
		};
		6987B9B72A7FAC1800D02828 /* Products */ = {
			isa = PBXGroup;
			children = (
				6987B9B62A7FAC1800D02828 /* StarWars.app */,
			);
			name = Products;
			sourceTree = "<group>";
		};
		6987B9B82A7FAC1800D02828 /* StarWars */ = {
			isa = PBXGroup;
			children = (
				69790B0E2AA5FBB800E43E43 /* Models */,
				69006B0B2A7FEA2B00CE5114 /* ViewControllers */,
				69006B0A2A7FEA1400CE5114 /* Supporting */,
				6987B9C72A7FAC1900D02828 /* Info.plist */,
			);
			path = StarWars;
			sourceTree = "<group>";
		};
/* End PBXGroup section */

/* Begin PBXNativeTarget section */
		6987B9B52A7FAC1800D02828 /* StarWars */ = {
			isa = PBXNativeTarget;
			buildConfigurationList = 6987B9CA2A7FAC1900D02828 /* Build configuration list for PBXNativeTarget "StarWars" */;
			buildPhases = (
				6987B9B22A7FAC1800D02828 /* Sources */,
				6987B9B32A7FAC1800D02828 /* Frameworks */,
				6987B9B42A7FAC1800D02828 /* Resources */,
			);
			buildRules = (
			);
			dependencies = (
			);
			name = StarWars;
			productName = StarWars;
			productReference = 6987B9B62A7FAC1800D02828 /* StarWars.app */;
			productType = "com.apple.product-type.application";
		};
/* End PBXNativeTarget section */

/* Begin PBXProject section */
		6987B9AE2A7FAC1800D02828 /* Project object */ = {
			isa = PBXProject;
			attributes = {
				BuildIndependentTargetsInParallel = 1;
				LastSwiftUpdateCheck = 1430;
				LastUpgradeCheck = 1430;
				TargetAttributes = {
					6987B9B52A7FAC1800D02828 = {
						CreatedOnToolsVersion = 14.3.1;
					};
				};
			};
			buildConfigurationList = 6987B9B12A7FAC1800D02828 /* Build configuration list for PBXProject "StarWars" */;
			compatibilityVersion = "Xcode 14.0";
			developmentRegion = en;
			hasScannedForEncodings = 0;
			knownRegions = (
				en,
				Base,
			);
			mainGroup = 6987B9AD2A7FAC1800D02828;
			productRefGroup = 6987B9B72A7FAC1800D02828 /* Products */;
			projectDirPath = "";
			projectRoot = "";
			targets = (
				6987B9B52A7FAC1800D02828 /* StarWars */,
			);
		};
/* End PBXProject section */

/* Begin PBXResourcesBuildPhase section */
		6987B9B42A7FAC1800D02828 /* Resources */ = {
			isa = PBXResourcesBuildPhase;
			buildActionMask = 2147483647;
			files = (
				6987B9C62A7FAC1900D02828 /* LaunchScreen.storyboard in Resources */,
				6987B9C32A7FAC1900D02828 /* Assets.xcassets in Resources */,
				694BD66E2AA6E3F2001E0E68 /* Main.storyboard in Resources */,
			);
			runOnlyForDeploymentPostprocessing = 0;
		};
/* End PBXResourcesBuildPhase section */

/* Begin PBXSourcesBuildPhase section */
		6987B9B22A7FAC1800D02828 /* Sources */ = {
			isa = PBXSourcesBuildPhase;
			buildActionMask = 2147483647;
			files = (
				694BD6702AA6E88B001E0E68 /* MainViewController.swift in Sources */,
				692921512AA8BA6A00B248EA /* FavoritesTableViewCell.swift in Sources */,
				694BD6722AA6F087001E0E68 /* FavoritesViewController.swift in Sources */,
				6987B9BA2A7FAC1800D02828 /* AppDelegate.swift in Sources */,
				694BD66A2AA6E1A4001E0E68 /* Favorites.swift in Sources */,
				69790B162AA5FCFF00E43E43 /* Film.swift in Sources */,
				69790B122AA5FCA100E43E43 /* Starship.swift in Sources */,
				6987B9BC2A7FAC1800D02828 /* SceneDelegate.swift in Sources */,
				69790B182AA5FD2A00E43E43 /* StarWarsAPI.swift in Sources */,
				69790B142AA5FCEC00E43E43 /* Planet.swift in Sources */,
				694BD66C2AA6E325001E0E68 /* Response.swift in Sources */,
				69790B102AA5FC3800E43E43 /* Character.swift in Sources */,
			);
			runOnlyForDeploymentPostprocessing = 0;
		};
/* End PBXSourcesBuildPhase section */

/* Begin PBXVariantGroup section */
		6987B9C42A7FAC1900D02828 /* LaunchScreen.storyboard */ = {
			isa = PBXVariantGroup;
			children = (
				6987B9C52A7FAC1900D02828 /* Base */,
			);
			name = LaunchScreen.storyboard;
			sourceTree = "<group>";
		};
/* End PBXVariantGroup section */

/* Begin XCBuildConfiguration section */
		6987B9C82A7FAC1900D02828 /* Debug */ = {
			isa = XCBuildConfiguration;
			buildSettings = {
				ALWAYS_SEARCH_USER_PATHS = NO;
				CLANG_ANALYZER_NONNULL = YES;
				CLANG_ANALYZER_NUMBER_OBJECT_CONVERSION = YES_AGGRESSIVE;
				CLANG_CXX_LANGUAGE_STANDARD = "gnu++20";
				CLANG_ENABLE_MODULES = YES;
				CLANG_ENABLE_OBJC_ARC = YES;
				CLANG_ENABLE_OBJC_WEAK = YES;
				CLANG_WARN_BLOCK_CAPTURE_AUTORELEASING = YES;
				CLANG_WARN_BOOL_CONVERSION = YES;
				CLANG_WARN_COMMA = YES;
				CLANG_WARN_CONSTANT_CONVERSION = YES;
				CLANG_WARN_DEPRECATED_OBJC_IMPLEMENTATIONS = YES;
				CLANG_WARN_DIRECT_OBJC_ISA_USAGE = YES_ERROR;
				CLANG_WARN_DOCUMENTATION_COMMENTS = YES;
				CLANG_WARN_EMPTY_BODY = YES;
				CLANG_WARN_ENUM_CONVERSION = YES;
				CLANG_WARN_INFINITE_RECURSION = YES;
				CLANG_WARN_INT_CONVERSION = YES;
				CLANG_WARN_NON_LITERAL_NULL_CONVERSION = YES;
				CLANG_WARN_OBJC_IMPLICIT_RETAIN_SELF = YES;
				CLANG_WARN_OBJC_LITERAL_CONVERSION = YES;
				CLANG_WARN_OBJC_ROOT_CLASS = YES_ERROR;
				CLANG_WARN_QUOTED_INCLUDE_IN_FRAMEWORK_HEADER = YES;
				CLANG_WARN_RANGE_LOOP_ANALYSIS = YES;
				CLANG_WARN_STRICT_PROTOTYPES = YES;
				CLANG_WARN_SUSPICIOUS_MOVE = YES;
				CLANG_WARN_UNGUARDED_AVAILABILITY = YES_AGGRESSIVE;
				CLANG_WARN_UNREACHABLE_CODE = YES;
				CLANG_WARN__DUPLICATE_METHOD_MATCH = YES;
				COPY_PHASE_STRIP = NO;
				DEBUG_INFORMATION_FORMAT = dwarf;
				ENABLE_STRICT_OBJC_MSGSEND = YES;
				ENABLE_TESTABILITY = YES;
				GCC_C_LANGUAGE_STANDARD = gnu11;
				GCC_DYNAMIC_NO_PIC = NO;
				GCC_NO_COMMON_BLOCKS = YES;
				GCC_OPTIMIZATION_LEVEL = 0;
				GCC_PREPROCESSOR_DEFINITIONS = (
					"DEBUG=1",
					"$(inherited)",
				);
				GCC_WARN_64_TO_32_BIT_CONVERSION = YES;
				GCC_WARN_ABOUT_RETURN_TYPE = YES_ERROR;
				GCC_WARN_UNDECLARED_SELECTOR = YES;
				GCC_WARN_UNINITIALIZED_AUTOS = YES_AGGRESSIVE;
				GCC_WARN_UNUSED_FUNCTION = YES;
				GCC_WARN_UNUSED_VARIABLE = YES;
				IPHONEOS_DEPLOYMENT_TARGET = 16.4;
				MTL_ENABLE_DEBUG_INFO = INCLUDE_SOURCE;
				MTL_FAST_MATH = YES;
				ONLY_ACTIVE_ARCH = YES;
				SDKROOT = iphoneos;
				SWIFT_ACTIVE_COMPILATION_CONDITIONS = DEBUG;
				SWIFT_OPTIMIZATION_LEVEL = "-Onone";
			};
			name = Debug;
		};
		6987B9C92A7FAC1900D02828 /* Release */ = {
			isa = XCBuildConfiguration;
			buildSettings = {
				ALWAYS_SEARCH_USER_PATHS = NO;
				CLANG_ANALYZER_NONNULL = YES;
				CLANG_ANALYZER_NUMBER_OBJECT_CONVERSION = YES_AGGRESSIVE;
				CLANG_CXX_LANGUAGE_STANDARD = "gnu++20";
				CLANG_ENABLE_MODULES = YES;
				CLANG_ENABLE_OBJC_ARC = YES;
				CLANG_ENABLE_OBJC_WEAK = YES;
				CLANG_WARN_BLOCK_CAPTURE_AUTORELEASING = YES;
				CLANG_WARN_BOOL_CONVERSION = YES;
				CLANG_WARN_COMMA = YES;
				CLANG_WARN_CONSTANT_CONVERSION = YES;
				CLANG_WARN_DEPRECATED_OBJC_IMPLEMENTATIONS = YES;
				CLANG_WARN_DIRECT_OBJC_ISA_USAGE = YES_ERROR;
				CLANG_WARN_DOCUMENTATION_COMMENTS = YES;
				CLANG_WARN_EMPTY_BODY = YES;
				CLANG_WARN_ENUM_CONVERSION = YES;
				CLANG_WARN_INFINITE_RECURSION = YES;
				CLANG_WARN_INT_CONVERSION = YES;
				CLANG_WARN_NON_LITERAL_NULL_CONVERSION = YES;
				CLANG_WARN_OBJC_IMPLICIT_RETAIN_SELF = YES;
				CLANG_WARN_OBJC_LITERAL_CONVERSION = YES;
				CLANG_WARN_OBJC_ROOT_CLASS = YES_ERROR;
				CLANG_WARN_QUOTED_INCLUDE_IN_FRAMEWORK_HEADER = YES;
				CLANG_WARN_RANGE_LOOP_ANALYSIS = YES;
				CLANG_WARN_STRICT_PROTOTYPES = YES;
				CLANG_WARN_SUSPICIOUS_MOVE = YES;
				CLANG_WARN_UNGUARDED_AVAILABILITY = YES_AGGRESSIVE;
				CLANG_WARN_UNREACHABLE_CODE = YES;
				CLANG_WARN__DUPLICATE_METHOD_MATCH = YES;
				COPY_PHASE_STRIP = NO;
				DEBUG_INFORMATION_FORMAT = "dwarf-with-dsym";
				ENABLE_NS_ASSERTIONS = NO;
				ENABLE_STRICT_OBJC_MSGSEND = YES;
				GCC_C_LANGUAGE_STANDARD = gnu11;
				GCC_NO_COMMON_BLOCKS = YES;
				GCC_WARN_64_TO_32_BIT_CONVERSION = YES;
				GCC_WARN_ABOUT_RETURN_TYPE = YES_ERROR;
				GCC_WARN_UNDECLARED_SELECTOR = YES;
				GCC_WARN_UNINITIALIZED_AUTOS = YES_AGGRESSIVE;
				GCC_WARN_UNUSED_FUNCTION = YES;
				GCC_WARN_UNUSED_VARIABLE = YES;
				IPHONEOS_DEPLOYMENT_TARGET = 16.4;
				MTL_ENABLE_DEBUG_INFO = NO;
				MTL_FAST_MATH = YES;
				SDKROOT = iphoneos;
				SWIFT_COMPILATION_MODE = wholemodule;
				SWIFT_OPTIMIZATION_LEVEL = "-O";
				VALIDATE_PRODUCT = YES;
			};
			name = Release;
		};
		6987B9CB2A7FAC1900D02828 /* Debug */ = {
			isa = XCBuildConfiguration;
			buildSettings = {
				ASSETCATALOG_COMPILER_APPICON_NAME = AppIcon;
				ASSETCATALOG_COMPILER_GLOBAL_ACCENT_COLOR_NAME = AccentColor;
				CODE_SIGN_STYLE = Automatic;
				CURRENT_PROJECT_VERSION = 1;
				DEVELOPMENT_TEAM = XJN9TW8RPS;
				GENERATE_INFOPLIST_FILE = YES;
				INFOPLIST_FILE = StarWars/Info.plist;
				INFOPLIST_KEY_UIApplicationSupportsIndirectInputEvents = YES;
				INFOPLIST_KEY_UILaunchStoryboardName = LaunchScreen;
				INFOPLIST_KEY_UIMainStoryboardFile = Main;
				INFOPLIST_KEY_UISupportedInterfaceOrientations_iPad = "UIInterfaceOrientationPortrait UIInterfaceOrientationPortraitUpsideDown UIInterfaceOrientationLandscapeLeft UIInterfaceOrientationLandscapeRight";
				INFOPLIST_KEY_UISupportedInterfaceOrientations_iPhone = "UIInterfaceOrientationPortrait UIInterfaceOrientationLandscapeLeft UIInterfaceOrientationLandscapeRight";
				LD_RUNPATH_SEARCH_PATHS = (
					"$(inherited)",
					"@executable_path/Frameworks",
				);
				MARKETING_VERSION = 1.0;
				PRODUCT_BUNDLE_IDENTIFIER = DenAnger.StarWars;
				PRODUCT_NAME = "$(TARGET_NAME)";
				SWIFT_EMIT_LOC_STRINGS = YES;
				SWIFT_VERSION = 5.0;
				TARGETED_DEVICE_FAMILY = "1,2";
			};
			name = Debug;
		};
		6987B9CC2A7FAC1900D02828 /* Release */ = {
			isa = XCBuildConfiguration;
			buildSettings = {
				ASSETCATALOG_COMPILER_APPICON_NAME = AppIcon;
				ASSETCATALOG_COMPILER_GLOBAL_ACCENT_COLOR_NAME = AccentColor;
				CODE_SIGN_STYLE = Automatic;
				CURRENT_PROJECT_VERSION = 1;
				DEVELOPMENT_TEAM = XJN9TW8RPS;
				GENERATE_INFOPLIST_FILE = YES;
				INFOPLIST_FILE = StarWars/Info.plist;
				INFOPLIST_KEY_UIApplicationSupportsIndirectInputEvents = YES;
				INFOPLIST_KEY_UILaunchStoryboardName = LaunchScreen;
				INFOPLIST_KEY_UIMainStoryboardFile = Main;
				INFOPLIST_KEY_UISupportedInterfaceOrientations_iPad = "UIInterfaceOrientationPortrait UIInterfaceOrientationPortraitUpsideDown UIInterfaceOrientationLandscapeLeft UIInterfaceOrientationLandscapeRight";
				INFOPLIST_KEY_UISupportedInterfaceOrientations_iPhone = "UIInterfaceOrientationPortrait UIInterfaceOrientationLandscapeLeft UIInterfaceOrientationLandscapeRight";
				LD_RUNPATH_SEARCH_PATHS = (
					"$(inherited)",
					"@executable_path/Frameworks",
				);
				MARKETING_VERSION = 1.0;
				PRODUCT_BUNDLE_IDENTIFIER = DenAnger.StarWars;
				PRODUCT_NAME = "$(TARGET_NAME)";
				SWIFT_EMIT_LOC_STRINGS = YES;
				SWIFT_VERSION = 5.0;
				TARGETED_DEVICE_FAMILY = "1,2";
			};
			name = Release;
		};
/* End XCBuildConfiguration section */

/* Begin XCConfigurationList section */
		6987B9B12A7FAC1800D02828 /* Build configuration list for PBXProject "StarWars" */ = {
			isa = XCConfigurationList;
			buildConfigurations = (
				6987B9C82A7FAC1900D02828 /* Debug */,
				6987B9C92A7FAC1900D02828 /* Release */,
			);
			defaultConfigurationIsVisible = 0;
			defaultConfigurationName = Release;
		};
		6987B9CA2A7FAC1900D02828 /* Build configuration list for PBXNativeTarget "StarWars" */ = {
			isa = XCConfigurationList;
			buildConfigurations = (
				6987B9CB2A7FAC1900D02828 /* Debug */,
				6987B9CC2A7FAC1900D02828 /* Release */,
			);
			defaultConfigurationIsVisible = 0;
			defaultConfigurationName = Release;
		};
/* End XCConfigurationList section */
	};
	rootObject = 6987B9AE2A7FAC1800D02828 /* Project object */;
}
